
Microsoft Visual Studio Solution File, Format Version 12.00
# Visual Studio 15
VisualStudioVersion = 15.0.27130.2027
MinimumVisualStudioVersion = 10.0.40219.1
Project("{FAE04EC0-301F-11D3-BF4B-00C04F79EFBC}") = "Specification", "Specification\Specification.csproj", "{4F514627-FF6D-4B3A-A681-2DD9406C1CB7}"
EndProject
Project("{2150E333-8FDC-42A3-9474-1A3956D46DE8}") = "Executable Specification", "Executable Specification", "{D197018D-18D6-4C2E-ABE9-2511880F5DF7}"
EndProject
Project("{2150E333-8FDC-42A3-9474-1A3956D46DE8}") = "System Under Test (SUT)", "System Under Test (SUT)", "{7082B561-6E7C-4597-9ACA-59200F94A655}"
EndProject
Project("{FAE04EC0-301F-11D3-BF4B-00C04F79EFBC}") = "HouseRobber", "HouseRobber\HouseRobber.csproj", "{61023EA1-D74F-47F1-8636-171693B0C5CA}"
EndProject
Global
	GlobalSection(SolutionConfigurationPlatforms) = preSolution
		Debug|Any CPU = Debug|Any CPU
		Release|Any CPU = Release|Any CPU
	EndGlobalSection
	GlobalSection(ProjectConfigurationPlatforms) = postSolution
		{4F514627-FF6D-4B3A-A681-2DD9406C1CB7}.Debug|Any CPU.ActiveCfg = Debug|Any CPU
		{4F514627-FF6D-4B3A-A681-2DD9406C1CB7}.Debug|Any CPU.Build.0 = Debug|Any CPU
		{4F514627-FF6D-4B3A-A681-2DD9406C1CB7}.Release|Any CPU.ActiveCfg = Release|Any CPU
		{4F514627-FF6D-4B3A-A681-2DD9406C1CB7}.Release|Any CPU.Build.0 = Release|Any CPU
		{61023EA1-D74F-47F1-8636-171693B0C5CA}.Debug|Any CPU.ActiveCfg = Debug|Any CPU
		{61023EA1-D74F-47F1-8636-171693B0C5CA}.Debug|Any CPU.Build.0 = Debug|Any CPU
		{61023EA1-D74F-47F1-8636-171693B0C5CA}.Release|Any CPU.ActiveCfg = Release|Any CPU
		{61023EA1-D74F-47F1-8636-171693B0C5CA}.Release|Any CPU.Build.0 = Release|Any CPU
	EndGlobalSection
	GlobalSection(SolutionProperties) = preSolution
		HideSolutionNode = FALSE
	EndGlobalSection
	GlobalSection(NestedProjects) = preSolution
		{4F514627-FF6D-4B3A-A681-2DD9406C1CB7} = {D197018D-18D6-4C2E-ABE9-2511880F5DF7}
		{61023EA1-D74F-47F1-8636-171693B0C5CA} = {7082B561-6E7C-4597-9ACA-59200F94A655}
	EndGlobalSection
	GlobalSection(ExtensibilityGlobals) = postSolution
		SolutionGuid = {AE67D76E-02FC-4DEA-B9BA-B614F21C0CB0}
	EndGlobalSection
EndGlobal
